
Microsoft Visual Studio Solution File, Format Version 12.00
# Visual Studio Version 16
VisualStudioVersion = 25.0.1706.14
MinimumVisualStudioVersion = 10.0.40219.1
Project("{FAE04EC0-301F-11D3-BF4B-00C04F79EFBC}") = "AuthService.API", "AuthService.API.csproj", "{B28B6891-0103-4158-ADB9-039F4DDAC71E}"
EndProject
Global
	GlobalSection(SolutionConfigurationPlatforms) = preSolution
		Debug|Any CPU = Debug|Any CPU
		Release|Any CPU = Release|Any CPU
	EndGlobalSection
	GlobalSection(ProjectConfigurationPlatforms) = postSolution
		{B28B6891-0103-4158-ADB9-039F4DDAC71E}.Debug|Any CPU.ActiveCfg = Debug|Any CPU
		{B28B6891-0103-4158-ADB9-039F4DDAC71E}.Debug|Any CPU.Build.0 = Debug|Any CPU
		{B28B6891-0103-4158-ADB9-039F4DDAC71E}.Release|Any CPU.ActiveCfg = Release|Any CPU
		{B28B6891-0103-4158-ADB9-039F4DDAC71E}.Release|Any CPU.Build.0 = Release|Any CPU
	EndGlobalSection
	GlobalSection(SolutionProperties) = preSolution
		HideSolutionNode = FALSE
	EndGlobalSection
	GlobalSection(ExtensibilityGlobals) = postSolution
		SolutionGuid = {68226105-CEC0-4A41-823B-BC6D602ED12B}
	EndGlobalSection
EndGlobal
